
Microsoft Visual Studio Solution File, Format Version 12.00
# Visual Studio Version 16
VisualStudioVersion = 16.0.29728.190
MinimumVisualStudioVersion = 10.0.40219.1
Project("{FAE04EC0-301F-11D3-BF4B-00C04F79EFBC}") = "PapayaDemo1", "PapayaDemo1\PapayaDemo1.csproj", "{43BA3B0C-C498-48C5-8A19-D9A8624A6DE4}"
EndProject
Global
	GlobalSection(SolutionConfigurationPlatforms) = preSolution
		Debug|Any CPU = Debug|Any CPU
		Release|Any CPU = Release|Any CPU
	EndGlobalSection
	GlobalSection(ProjectConfigurationPlatforms) = postSolution
		{43BA3B0C-C498-48C5-8A19-D9A8624A6DE4}.Debug|Any CPU.ActiveCfg = Debug|Any CPU
		{43BA3B0C-C498-48C5-8A19-D9A8624A6DE4}.Debug|Any CPU.Build.0 = Debug|Any CPU
		{43BA3B0C-C498-48C5-8A19-D9A8624A6DE4}.Release|Any CPU.ActiveCfg = Release|Any CPU
		{43BA3B0C-C498-48C5-8A19-D9A8624A6DE4}.Release|Any CPU.Build.0 = Release|Any CPU
	EndGlobalSection
	GlobalSection(SolutionProperties) = preSolution
		HideSolutionNode = FALSE
	EndGlobalSection
	GlobalSection(ExtensibilityGlobals) = postSolution
		SolutionGuid = {E8A27CF0-72E8-4B71-B672-D53A293BBCE7}
	EndGlobalSection
EndGlobal
